
Microsoft Visual Studio Solution File, Format Version 12.00
# Visual Studio Version 16
VisualStudioVersion = 16.0.28803.352
MinimumVisualStudioVersion = 10.0.40219.1
Project("{FAE04EC0-301F-11D3-BF4B-00C04F79EFBC}") = "BankRegistry_MVCCore", "BankRegistry_MVCCore\BankRegistry_MVCCore.csproj", "{088DD8F4-39C3-4854-B09C-42FDAA85AE12}"
EndProject
Global
	GlobalSection(SolutionConfigurationPlatforms) = preSolution
		Debug|Any CPU = Debug|Any CPU
		Release|Any CPU = Release|Any CPU
	EndGlobalSection
	GlobalSection(ProjectConfigurationPlatforms) = postSolution
		{088DD8F4-39C3-4854-B09C-42FDAA85AE12}.Debug|Any CPU.ActiveCfg = Debug|Any CPU
		{088DD8F4-39C3-4854-B09C-42FDAA85AE12}.Debug|Any CPU.Build.0 = Debug|Any CPU
		{088DD8F4-39C3-4854-B09C-42FDAA85AE12}.Release|Any CPU.ActiveCfg = Release|Any CPU
		{088DD8F4-39C3-4854-B09C-42FDAA85AE12}.Release|Any CPU.Build.0 = Release|Any CPU
	EndGlobalSection
	GlobalSection(SolutionProperties) = preSolution
		HideSolutionNode = FALSE
	EndGlobalSection
	GlobalSection(ExtensibilityGlobals) = postSolution
		SolutionGuid = {77C242A3-0AD2-4856-9200-E07650EED679}
	EndGlobalSection
EndGlobal
